// !$*UTF8*$!
{
	archiveVersion = 1;
	classes = {
	};
	objectVersion = 51;
	objects = {

/* Begin PBXBuildFile section */
		2F3BA969247D331A007FAF57 /* Report.swift in Sources */ = {isa = PBXBuildFile; fileRef = 2F3BA968247D331A007FAF57 /* Report.swift */; };
		2F3BA96B247D493B007FAF57 /* TableViewControllerList.swift in Sources */ = {isa = PBXBuildFile; fileRef = 2F3BA96A247D493B007FAF57 /* TableViewControllerList.swift */; };
		2F3BA96D247D494B007FAF57 /* TableViewCellList.swift in Sources */ = {isa = PBXBuildFile; fileRef = 2F3BA96C247D494B007FAF57 /* TableViewCellList.swift */; };
		2F3D2D312479D9EB0090B459 /* ViewControllerMap.swift in Sources */ = {isa = PBXBuildFile; fileRef = 2F3D2D302479D9EB0090B459 /* ViewControllerMap.swift */; };
		2FBBBC42247C7B6C00A8AE6B /* ViewControllerReport.swift in Sources */ = {isa = PBXBuildFile; fileRef = 2FBBBC41247C7B6C00A8AE6B /* ViewControllerReport.swift */; };
		2FBF393524761646001A136C /* AppDelegate.swift in Sources */ = {isa = PBXBuildFile; fileRef = 2FBF393424761646001A136C /* AppDelegate.swift */; };
		2FBF393724761646001A136C /* SceneDelegate.swift in Sources */ = {isa = PBXBuildFile; fileRef = 2FBF393624761646001A136C /* SceneDelegate.swift */; };
		2FBF393924761646001A136C /* ViewController.swift in Sources */ = {isa = PBXBuildFile; fileRef = 2FBF393824761646001A136C /* ViewController.swift */; };
		2FBF393C24761646001A136C /* Main.storyboard in Resources */ = {isa = PBXBuildFile; fileRef = 2FBF393A24761646001A136C /* Main.storyboard */; };
		2FBF393E24761648001A136C /* Assets.xcassets in Resources */ = {isa = PBXBuildFile; fileRef = 2FBF393D24761648001A136C /* Assets.xcassets */; };
		2FBF394124761648001A136C /* LaunchScreen.storyboard in Resources */ = {isa = PBXBuildFile; fileRef = 2FBF393F24761648001A136C /* LaunchScreen.storyboard */; };
		2FBF394924761AF5001A136C /* Users.swift in Sources */ = {isa = PBXBuildFile; fileRef = 2FBF394824761AF5001A136C /* Users.swift */; };
		2FBF394B24761C0F001A136C /* JsonClass.swift in Sources */ = {isa = PBXBuildFile; fileRef = 2FBF394A24761C0F001A136C /* JsonClass.swift */; };
		2FBF394D2476223D001A136C /* ViewControllerRegister.swift in Sources */ = {isa = PBXBuildFile; fileRef = 2FBF394C2476223D001A136C /* ViewControllerRegister.swift */; };
		D5645A2C83A1588D63DC54F7 /* libPods-securityApp.a in Frameworks */ = {isa = PBXBuildFile; fileRef = 373314FB295ED7976CA5E6D9 /* libPods-securityApp.a */; };
/* End PBXBuildFile section */

/* Begin PBXFileReference section */
		2F3BA968247D331A007FAF57 /* Report.swift */ = {isa = PBXFileReference; lastKnownFileType = sourcecode.swift; path = Report.swift; sourceTree = "<group>"; };
		2F3BA96A247D493B007FAF57 /* TableViewControllerList.swift */ = {isa = PBXFileReference; lastKnownFileType = sourcecode.swift; path = TableViewControllerList.swift; sourceTree = "<group>"; };
		2F3BA96C247D494B007FAF57 /* TableViewCellList.swift */ = {isa = PBXFileReference; lastKnownFileType = sourcecode.swift; path = TableViewCellList.swift; sourceTree = "<group>"; };
		2F3D2D302479D9EB0090B459 /* ViewControllerMap.swift */ = {isa = PBXFileReference; lastKnownFileType = sourcecode.swift; path = ViewControllerMap.swift; sourceTree = "<group>"; };
		2FBBBC41247C7B6C00A8AE6B /* ViewControllerReport.swift */ = {isa = PBXFileReference; lastKnownFileType = sourcecode.swift; path = ViewControllerReport.swift; sourceTree = "<group>"; };
		2FBF393124761646001A136C /* securityApp.app */ = {isa = PBXFileReference; explicitFileType = wrapper.application; includeInIndex = 0; path = securityApp.app; sourceTree = BUILT_PRODUCTS_DIR; };
		2FBF393424761646001A136C /* AppDelegate.swift */ = {isa = PBXFileReference; lastKnownFileType = sourcecode.swift; path = AppDelegate.swift; sourceTree = "<group>"; };
		2FBF393624761646001A136C /* SceneDelegate.swift */ = {isa = PBXFileReference; lastKnownFileType = sourcecode.swift; path = SceneDelegate.swift; sourceTree = "<group>"; };
		2FBF393824761646001A136C /* ViewController.swift */ = {isa = PBXFileReference; lastKnownFileType = sourcecode.swift; path = ViewController.swift; sourceTree = "<group>"; };
		2FBF393B24761646001A136C /* Base */ = {isa = PBXFileReference; lastKnownFileType = file.storyboard; name = Base; path = Base.lproj/Main.storyboard; sourceTree = "<group>"; };
		2FBF393D24761648001A136C /* Assets.xcassets */ = {isa = PBXFileReference; lastKnownFileType = folder.assetcatalog; path = Assets.xcassets; sourceTree = "<group>"; };
		2FBF394024761648001A136C /* Base */ = {isa = PBXFileReference; lastKnownFileType = file.storyboard; name = Base; path = Base.lproj/LaunchScreen.storyboard; sourceTree = "<group>"; };
		2FBF394224761648001A136C /* Info.plist */ = {isa = PBXFileReference; lastKnownFileType = text.plist.xml; path = Info.plist; sourceTree = "<group>"; };
		2FBF394824761AF5001A136C /* Users.swift */ = {isa = PBXFileReference; lastKnownFileType = sourcecode.swift; path = Users.swift; sourceTree = "<group>"; };
		2FBF394A24761C0F001A136C /* JsonClass.swift */ = {isa = PBXFileReference; lastKnownFileType = sourcecode.swift; path = JsonClass.swift; sourceTree = "<group>"; };
		2FBF394C2476223D001A136C /* ViewControllerRegister.swift */ = {isa = PBXFileReference; lastKnownFileType = sourcecode.swift; path = ViewControllerRegister.swift; sourceTree = "<group>"; };
		373314FB295ED7976CA5E6D9 /* libPods-securityApp.a */ = {isa = PBXFileReference; explicitFileType = archive.ar; includeInIndex = 0; path = "libPods-securityApp.a"; sourceTree = BUILT_PRODUCTS_DIR; };
		41ED1DE7B04DBFB43E09F10F /* Pods-securityApp.release.xcconfig */ = {isa = PBXFileReference; includeInIndex = 1; lastKnownFileType = text.xcconfig; name = "Pods-securityApp.release.xcconfig"; path = "Target Support Files/Pods-securityApp/Pods-securityApp.release.xcconfig"; sourceTree = "<group>"; };
		B248405DC9E39BB820265F73 /* Pods-securityApp.debug.xcconfig */ = {isa = PBXFileReference; includeInIndex = 1; lastKnownFileType = text.xcconfig; name = "Pods-securityApp.debug.xcconfig"; path = "Target Support Files/Pods-securityApp/Pods-securityApp.debug.xcconfig"; sourceTree = "<group>"; };
/* End PBXFileReference section */

/* Begin PBXFrameworksBuildPhase section */
		2FBF392E24761646001A136C /* Frameworks */ = {
			isa = PBXFrameworksBuildPhase;
			buildActionMask = 2147483647;
			files = (
				D5645A2C83A1588D63DC54F7 /* libPods-securityApp.a in Frameworks */,
			);
			runOnlyForDeploymentPostprocessing = 0;
		};
/* End PBXFrameworksBuildPhase section */

/* Begin PBXGroup section */
		2FBF392824761646001A136C = {
			isa = PBXGroup;
			children = (
				2FBF393324761646001A136C /* securityApp */,
				2FBF393224761646001A136C /* Products */,
				A47DE9CF7D03FA730C01CEC1 /* Pods */,
				E793E9D8B0DFAF37100D193E /* Frameworks */,
			);
			sourceTree = "<group>";
		};
		2FBF393224761646001A136C /* Products */ = {
			isa = PBXGroup;
			children = (
				2FBF393124761646001A136C /* securityApp.app */,
			);
			name = Products;
			sourceTree = "<group>";
		};
		2FBF393324761646001A136C /* securityApp */ = {
			isa = PBXGroup;
			children = (
				2FBF393424761646001A136C /* AppDelegate.swift */,
				2FBF393624761646001A136C /* SceneDelegate.swift */,
				2FBF393824761646001A136C /* ViewController.swift */,
				2FBF393A24761646001A136C /* Main.storyboard */,
				2FBF393D24761648001A136C /* Assets.xcassets */,
				2FBF393F24761648001A136C /* LaunchScreen.storyboard */,
				2FBF394224761648001A136C /* Info.plist */,
				2FBF394824761AF5001A136C /* Users.swift */,
				2FBF394A24761C0F001A136C /* JsonClass.swift */,
				2FBF394C2476223D001A136C /* ViewControllerRegister.swift */,
				2F3D2D302479D9EB0090B459 /* ViewControllerMap.swift */,
				2FBBBC41247C7B6C00A8AE6B /* ViewControllerReport.swift */,
				2F3BA968247D331A007FAF57 /* Report.swift */,
				2F3BA96A247D493B007FAF57 /* TableViewControllerList.swift */,
				2F3BA96C247D494B007FAF57 /* TableViewCellList.swift */,
			);
			path = securityApp;
			sourceTree = "<group>";
		};
		A47DE9CF7D03FA730C01CEC1 /* Pods */ = {
			isa = PBXGroup;
			children = (
				B248405DC9E39BB820265F73 /* Pods-securityApp.debug.xcconfig */,
				41ED1DE7B04DBFB43E09F10F /* Pods-securityApp.release.xcconfig */,
			);
			path = Pods;
			sourceTree = "<group>";
		};
		E793E9D8B0DFAF37100D193E /* Frameworks */ = {
			isa = PBXGroup;
			children = (
				373314FB295ED7976CA5E6D9 /* libPods-securityApp.a */,
			);
			name = Frameworks;
			sourceTree = "<group>";
		};
/* End PBXGroup section */

/* Begin PBXNativeTarget section */
		2FBF393024761646001A136C /* securityApp */ = {
			isa = PBXNativeTarget;
			buildConfigurationList = 2FBF394524761648001A136C /* Build configuration list for PBXNativeTarget "securityApp" */;
			buildPhases = (
				6747818D9CB23A8B870A091D /* [CP] Check Pods Manifest.lock */,
				2FBF392D24761646001A136C /* Sources */,
				2FBF392E24761646001A136C /* Frameworks */,
				2FBF392F24761646001A136C /* Resources */,
				9A4ABC792A4945B09831032E /* [CP] Copy Pods Resources */,
			);
			buildRules = (
			);
			dependencies = (
			);
			name = securityApp;
			productName = securityApp;
			productReference = 2FBF393124761646001A136C /* securityApp.app */;
			productType = "com.apple.product-type.application";
		};
/* End PBXNativeTarget section */

/* Begin PBXProject section */
		2FBF392924761646001A136C /* Project object */ = {
			isa = PBXProject;
			attributes = {
				LastSwiftUpdateCheck = 1140;
				LastUpgradeCheck = 1140;
				ORGANIZATIONNAME = "Miguel Angel Jimenez Melendez";
				TargetAttributes = {
					2FBF393024761646001A136C = {
						CreatedOnToolsVersion = 11.4.1;
					};
				};
			};
			buildConfigurationList = 2FBF392C24761646001A136C /* Build configuration list for PBXProject "securityApp" */;
			compatibilityVersion = "Xcode 9.3";
			developmentRegion = en;
			hasScannedForEncodings = 0;
			knownRegions = (
				en,
				Base,
			);
			mainGroup = 2FBF392824761646001A136C;
			productRefGroup = 2FBF393224761646001A136C /* Products */;
			projectDirPath = "";
			projectRoot = "";
			targets = (
				2FBF393024761646001A136C /* securityApp */,
			);
		};
/* End PBXProject section */

/* Begin PBXResourcesBuildPhase section */
		2FBF392F24761646001A136C /* Resources */ = {
			isa = PBXResourcesBuildPhase;
			buildActionMask = 2147483647;
			files = (
				2FBF394124761648001A136C /* LaunchScreen.storyboard in Resources */,
				2FBF393E24761648001A136C /* Assets.xcassets in Resources */,
				2FBF393C24761646001A136C /* Main.storyboard in Resources */,
			);
			runOnlyForDeploymentPostprocessing = 0;
		};
/* End PBXResourcesBuildPhase section */

/* Begin PBXShellScriptBuildPhase section */
		6747818D9CB23A8B870A091D /* [CP] Check Pods Manifest.lock */ = {
			isa = PBXShellScriptBuildPhase;
			buildActionMask = 2147483647;
			files = (
			);
			inputFileListPaths = (
			);
			inputPaths = (
				"${PODS_PODFILE_DIR_PATH}/Podfile.lock",
				"${PODS_ROOT}/Manifest.lock",
			);
			name = "[CP] Check Pods Manifest.lock";
			outputFileListPaths = (
			);
			outputPaths = (
				"$(DERIVED_FILE_DIR)/Pods-securityApp-checkManifestLockResult.txt",
			);
			runOnlyForDeploymentPostprocessing = 0;
			shellPath = /bin/sh;
			shellScript = "diff \"${PODS_PODFILE_DIR_PATH}/Podfile.lock\" \"${PODS_ROOT}/Manifest.lock\" > /dev/null\nif [ $? != 0 ] ; then\n    # print error to STDERR\n    echo \"error: The sandbox is not in sync with the Podfile.lock. Run 'pod install' or update your CocoaPods installation.\" >&2\n    exit 1\nfi\n# This output is used by Xcode 'outputs' to avoid re-running this script phase.\necho \"SUCCESS\" > \"${SCRIPT_OUTPUT_FILE_0}\"\n";
			showEnvVarsInLog = 0;
		};
		9A4ABC792A4945B09831032E /* [CP] Copy Pods Resources */ = {
			isa = PBXShellScriptBuildPhase;
			buildActionMask = 2147483647;
			files = (
			);
			inputFileListPaths = (
				"${PODS_ROOT}/Target Support Files/Pods-securityApp/Pods-securityApp-resources-${CONFIGURATION}-input-files.xcfilelist",
			);
			name = "[CP] Copy Pods Resources";
			outputFileListPaths = (
				"${PODS_ROOT}/Target Support Files/Pods-securityApp/Pods-securityApp-resources-${CONFIGURATION}-output-files.xcfilelist",
			);
			runOnlyForDeploymentPostprocessing = 0;
			shellPath = /bin/sh;
			shellScript = "\"${PODS_ROOT}/Target Support Files/Pods-securityApp/Pods-securityApp-resources.sh\"\n";
			showEnvVarsInLog = 0;
		};
/* End PBXShellScriptBuildPhase section */

/* Begin PBXSourcesBuildPhase section */
		2FBF392D24761646001A136C /* Sources */ = {
			isa = PBXSourcesBuildPhase;
			buildActionMask = 2147483647;
			files = (
				2FBBBC42247C7B6C00A8AE6B /* ViewControllerReport.swift in Sources */,
				2F3BA96B247D493B007FAF57 /* TableViewControllerList.swift in Sources */,
				2FBF394924761AF5001A136C /* Users.swift in Sources */,
				2FBF393924761646001A136C /* ViewController.swift in Sources */,
				2FBF394B24761C0F001A136C /* JsonClass.swift in Sources */,
				2FBF394D2476223D001A136C /* ViewControllerRegister.swift in Sources */,
				2F3BA969247D331A007FAF57 /* Report.swift in Sources */,
				2F3BA96D247D494B007FAF57 /* TableViewCellList.swift in Sources */,
				2F3D2D312479D9EB0090B459 /* ViewControllerMap.swift in Sources */,
				2FBF393524761646001A136C /* AppDelegate.swift in Sources */,
				2FBF393724761646001A136C /* SceneDelegate.swift in Sources */,
			);
			runOnlyForDeploymentPostprocessing = 0;
		};
/* End PBXSourcesBuildPhase section */

/* Begin PBXVariantGroup section */
		2FBF393A24761646001A136C /* Main.storyboard */ = {
			isa = PBXVariantGroup;
			children = (
				2FBF393B24761646001A136C /* Base */,
			);
			name = Main.storyboard;
			sourceTree = "<group>";
		};
		2FBF393F24761648001A136C /* LaunchScreen.storyboard */ = {
			isa = PBXVariantGroup;
			children = (
				2FBF394024761648001A136C /* Base */,
			);
			name = LaunchScreen.storyboard;
			sourceTree = "<group>";
		};
/* End PBXVariantGroup section */

/* Begin XCBuildConfiguration section */
		2FBF394324761648001A136C /* Debug */ = {
			isa = XCBuildConfiguration;
			buildSettings = {
				ALWAYS_SEARCH_USER_PATHS = NO;
				CLANG_ANALYZER_NONNULL = YES;
				CLANG_ANALYZER_NUMBER_OBJECT_CONVERSION = YES_AGGRESSIVE;
				CLANG_CXX_LANGUAGE_STANDARD = "gnu++14";
				CLANG_CXX_LIBRARY = "libc++";
				CLANG_ENABLE_MODULES = YES;
				CLANG_ENABLE_OBJC_ARC = YES;
				CLANG_ENABLE_OBJC_WEAK = YES;
				CLANG_WARN_BLOCK_CAPTURE_AUTORELEASING = YES;
				CLANG_WARN_BOOL_CONVERSION = YES;
				CLANG_WARN_COMMA = YES;
				CLANG_WARN_CONSTANT_CONVERSION = YES;
				CLANG_WARN_DEPRECATED_OBJC_IMPLEMENTATIONS = YES;
				CLANG_WARN_DIRECT_OBJC_ISA_USAGE = YES_ERROR;
				CLANG_WARN_DOCUMENTATION_COMMENTS = YES;
				CLANG_WARN_EMPTY_BODY = YES;
				CLANG_WARN_ENUM_CONVERSION = YES;
				CLANG_WARN_INFINITE_RECURSION = YES;
				CLANG_WARN_INT_CONVERSION = YES;
				CLANG_WARN_NON_LITERAL_NULL_CONVERSION = YES;
				CLANG_WARN_OBJC_IMPLICIT_RETAIN_SELF = YES;
				CLANG_WARN_OBJC_LITERAL_CONVERSION = YES;
				CLANG_WARN_OBJC_ROOT_CLASS = YES_ERROR;
				CLANG_WARN_RANGE_LOOP_ANALYSIS = YES;
				CLANG_WARN_STRICT_PROTOTYPES = YES;
				CLANG_WARN_SUSPICIOUS_MOVE = YES;
				CLANG_WARN_UNGUARDED_AVAILABILITY = YES_AGGRESSIVE;
				CLANG_WARN_UNREACHABLE_CODE = YES;
				CLANG_WARN__DUPLICATE_METHOD_MATCH = YES;
				COPY_PHASE_STRIP = NO;
				DEBUG_INFORMATION_FORMAT = dwarf;
				ENABLE_STRICT_OBJC_MSGSEND = YES;
				ENABLE_TESTABILITY = YES;
				GCC_C_LANGUAGE_STANDARD = gnu11;
				GCC_DYNAMIC_NO_PIC = NO;
				GCC_NO_COMMON_BLOCKS = YES;
				GCC_OPTIMIZATION_LEVEL = 0;
				GCC_PREPROCESSOR_DEFINITIONS = (
					"DEBUG=1",
					"$(inherited)",
				);
				GCC_WARN_64_TO_32_BIT_CONVERSION = YES;
				GCC_WARN_ABOUT_RETURN_TYPE = YES_ERROR;
				GCC_WARN_UNDECLARED_SELECTOR = YES;
				GCC_WARN_UNINITIALIZED_AUTOS = YES_AGGRESSIVE;
				GCC_WARN_UNUSED_FUNCTION = YES;
				GCC_WARN_UNUSED_VARIABLE = YES;
				IPHONEOS_DEPLOYMENT_TARGET = 13.4;
				MTL_ENABLE_DEBUG_INFO = INCLUDE_SOURCE;
				MTL_FAST_MATH = YES;
				ONLY_ACTIVE_ARCH = YES;
				SDKROOT = iphoneos;
				SWIFT_ACTIVE_COMPILATION_CONDITIONS = DEBUG;
				SWIFT_OPTIMIZATION_LEVEL = "-Onone";
			};
			name = Debug;
		};
		2FBF394424761648001A136C /* Release */ = {
			isa = XCBuildConfiguration;
			buildSettings = {
				ALWAYS_SEARCH_USER_PATHS = NO;
				CLANG_ANALYZER_NONNULL = YES;
				CLANG_ANALYZER_NUMBER_OBJECT_CONVERSION = YES_AGGRESSIVE;
				CLANG_CXX_LANGUAGE_STANDARD = "gnu++14";
				CLANG_CXX_LIBRARY = "libc++";
				CLANG_ENABLE_MODULES = YES;
				CLANG_ENABLE_OBJC_ARC = YES;
				CLANG_ENABLE_OBJC_WEAK = YES;
				CLANG_WARN_BLOCK_CAPTURE_AUTORELEASING = YES;
				CLANG_WARN_BOOL_CONVERSION = YES;
				CLANG_WARN_COMMA = YES;
				CLANG_WARN_CONSTANT_CONVERSION = YES;
				CLANG_WARN_DEPRECATED_OBJC_IMPLEMENTATIONS = YES;
				CLANG_WARN_DIRECT_OBJC_ISA_USAGE = YES_ERROR;
				CLANG_WARN_DOCUMENTATION_COMMENTS = YES;
				CLANG_WARN_EMPTY_BODY = YES;
				CLANG_WARN_ENUM_CONVERSION = YES;
				CLANG_WARN_INFINITE_RECURSION = YES;
				CLANG_WARN_INT_CONVERSION = YES;
				CLANG_WARN_NON_LITERAL_NULL_CONVERSION = YES;
				CLANG_WARN_OBJC_IMPLICIT_RETAIN_SELF = YES;
				CLANG_WARN_OBJC_LITERAL_CONVERSION = YES;
				CLANG_WARN_OBJC_ROOT_CLASS = YES_ERROR;
				CLANG_WARN_RANGE_LOOP_ANALYSIS = YES;
				CLANG_WARN_STRICT_PROTOTYPES = YES;
				CLANG_WARN_SUSPICIOUS_MOVE = YES;
				CLANG_WARN_UNGUARDED_AVAILABILITY = YES_AGGRESSIVE;
				CLANG_WARN_UNREACHABLE_CODE = YES;
				CLANG_WARN__DUPLICATE_METHOD_MATCH = YES;
				COPY_PHASE_STRIP = NO;
				DEBUG_INFORMATION_FORMAT = "dwarf-with-dsym";
				ENABLE_NS_ASSERTIONS = NO;
				ENABLE_STRICT_OBJC_MSGSEND = YES;
				GCC_C_LANGUAGE_STANDARD = gnu11;
				GCC_NO_COMMON_BLOCKS = YES;
				GCC_WARN_64_TO_32_BIT_CONVERSION = YES;
				GCC_WARN_ABOUT_RETURN_TYPE = YES_ERROR;
				GCC_WARN_UNDECLARED_SELECTOR = YES;
				GCC_WARN_UNINITIALIZED_AUTOS = YES_AGGRESSIVE;
				GCC_WARN_UNUSED_FUNCTION = YES;
				GCC_WARN_UNUSED_VARIABLE = YES;
				IPHONEOS_DEPLOYMENT_TARGET = 13.4;
				MTL_ENABLE_DEBUG_INFO = NO;
				MTL_FAST_MATH = YES;
				SDKROOT = iphoneos;
				SWIFT_COMPILATION_MODE = wholemodule;
				SWIFT_OPTIMIZATION_LEVEL = "-O";
				VALIDATE_PRODUCT = YES;
			};
			name = Release;
		};
		2FBF394624761648001A136C /* Debug */ = {
			isa = XCBuildConfiguration;
			baseConfigurationReference = B248405DC9E39BB820265F73 /* Pods-securityApp.debug.xcconfig */;
			buildSettings = {
				ASSETCATALOG_COMPILER_APPICON_NAME = AppIcon;
				CODE_SIGN_STYLE = Automatic;
				INFOPLIST_FILE = securityApp/Info.plist;
				LD_RUNPATH_SEARCH_PATHS = (
					"$(inherited)",
					"@executable_path/Frameworks",
				);
				PRODUCT_BUNDLE_IDENTIFIER = MigueAJM9724.securityApp;
				PRODUCT_NAME = "$(TARGET_NAME)";
				SWIFT_VERSION = 5.0;
				TARGETED_DEVICE_FAMILY = "1,2";
			};
			name = Debug;
		};
		2FBF394724761648001A136C /* Release */ = {
			isa = XCBuildConfiguration;
			baseConfigurationReference = 41ED1DE7B04DBFB43E09F10F /* Pods-securityApp.release.xcconfig */;
			buildSettings = {
				ASSETCATALOG_COMPILER_APPICON_NAME = AppIcon;
				CODE_SIGN_STYLE = Automatic;
				INFOPLIST_FILE = securityApp/Info.plist;
				LD_RUNPATH_SEARCH_PATHS = (
					"$(inherited)",
					"@executable_path/Frameworks",
				);
				PRODUCT_BUNDLE_IDENTIFIER = MigueAJM9724.securityApp;
				PRODUCT_NAME = "$(TARGET_NAME)";
				SWIFT_VERSION = 5.0;
				TARGETED_DEVICE_FAMILY = "1,2";
			};
			name = Release;
		};
/* End XCBuildConfiguration section */

/* Begin XCConfigurationList section */
		2FBF392C24761646001A136C /* Build configuration list for PBXProject "securityApp" */ = {
			isa = XCConfigurationList;
			buildConfigurations = (
				2FBF394324761648001A136C /* Debug */,
				2FBF394424761648001A136C /* Release */,
			);
			defaultConfigurationIsVisible = 0;
			defaultConfigurationName = Release;
		};
		2FBF394524761648001A136C /* Build configuration list for PBXNativeTarget "securityApp" */ = {
			isa = XCConfigurationList;
			buildConfigurations = (
				2FBF394624761648001A136C /* Debug */,
				2FBF394724761648001A136C /* Release */,
			);
			defaultConfigurationIsVisible = 0;
			defaultConfigurationName = Release;
		};
/* End XCConfigurationList section */
	};
	rootObject = 2FBF392924761646001A136C /* Project object */;
}
